
Microsoft Visual Studio Solution File, Format Version 12.00
# Visual Studio Version 17
VisualStudioVersion = 17.4.33110.190
MinimumVisualStudioVersion = 10.0.40219.1
Project("{FAE04EC0-301F-11D3-BF4B-00C04F79EFBC}") = "ToCompare", "ToCompare\ToCompare.csproj", "{80119C48-94E2-4E45-AED5-9764076E3283}"
EndProject
Global
	GlobalSection(SolutionConfigurationPlatforms) = preSolution
		Debug|Any CPU = Debug|Any CPU
		Release|Any CPU = Release|Any CPU
	EndGlobalSection
	GlobalSection(ProjectConfigurationPlatforms) = postSolution
		{80119C48-94E2-4E45-AED5-9764076E3283}.Debug|Any CPU.ActiveCfg = Debug|Any CPU
		{80119C48-94E2-4E45-AED5-9764076E3283}.Debug|Any CPU.Build.0 = Debug|Any CPU
		{80119C48-94E2-4E45-AED5-9764076E3283}.Release|Any CPU.ActiveCfg = Release|Any CPU
		{80119C48-94E2-4E45-AED5-9764076E3283}.Release|Any CPU.Build.0 = Release|Any CPU
	EndGlobalSection
	GlobalSection(SolutionProperties) = preSolution
		HideSolutionNode = FALSE
	EndGlobalSection
	GlobalSection(ExtensibilityGlobals) = postSolution
		SolutionGuid = {10AA446A-F228-4E53-B1CE-8E817323B237}
	EndGlobalSection
EndGlobal
